{
  "version": 4,
  "terraform_version": "1.12.2",
  "serial": 13,
  "lineage": "8b4b7cb3-c555-507b-2fec-d3040f42cd38",
  "outputs": {
    "ip_address": {
      "value": "172.104.188.201",
      "type": "string"
    }
  },
  "resources": [
    {
      "mode": "managed",
      "type": "linode_instance",
      "name": "mean_stack_vm",
      "provider": "provider[\"registry.terraform.io/linode/linode\"]",
      "instances": [
        {
          "schema_version": 0,
          "attributes": {
            "alerts": [
              {
                "cpu": 90,
                "io": 10000,
                "network_in": 10,
                "network_out": 10,
                "transfer_quota": 80
              }
            ],
            "authorized_keys": [
              "ssh-rsa AAAAB3NzaC1yc2EAAAADAQABAAACAQCdA4tCuYJpTsZgVqUM+AC2V3eiec8/3oLooh51XDKZRREY7cxdOjtEotl8+H9wMWPT9UWzaJKlgDFscstmoYjU+5zEpn3Ngm4bUWtcdGzHomMj1RseSU1lLuLFqwrc+TbYd+8xt6Jwb/mrYF3pxnUxVv8xToOwxedu05M41fBKCZ3zhpO/kDFkke2MBUE4/8HqDu6vwhlDdO0mNJ4CKAkVSaFztku0OX1r/HDDpox27rCydCKVn2AnkG4K2p/Zrgm3icrCR+1JD3tSk4NT01Lw+ps7weETJ9xN0qMAG78y0Dq0QU7FQPXQhbwqGKU98imZBWFBlTNf2b6WpQs3CwFC5s9R6TgOj3eZJdUWjGZ1Pu0JIzwikYZRAF4GVtxE8OUmu4ctS0cIXJjquW9WMgNbYeWXmEWG2bW+UhIhUPg+Hd+ilhtj7kVZV+CkAqjVJanFcloooKhC2dr79++Rt2ZBF2xuamW1RcolzxDXVXo39wiBGpguilynCBuDxFA7fry8ryM8Q1b9bnYCtb09sl+sHhne6OB8ewaucs781TjPjt0+EaR40uOp2EU+ZQ6iA7335iwTBHylev0KjDHo+9dAi/k22SIe8XrMZgLgXsXdgv0DrWKTry7sDPzd5o5b+phhahtxjMsiRGFSAoHgZXGfSvRbZzFXK3obBdhEoV10QQ== lukemartin35@gmail.com"
            ],
            "authorized_users": null,
            "backup_id": null,
            "backups": [
              {
                "available": true,
                "enabled": true,
                "schedule": [
                  {
                    "day": "Scheduling",
                    "window": "Scheduling"
                  }
                ]
              }
            ],
            "backups_enabled": true,
            "boot_config_label": "My Ubuntu 22.04 LTS Disk Profile",
            "booted": true,
            "capabilities": [],
            "config": [
              {
                "comments": "",
                "devices": [
                  {
                    "sda": [
                      {
                        "disk_id": 153138126,
                        "disk_label": "Ubuntu 22.04 LTS Disk",
                        "volume_id": 0
                      }
                    ],
                    "sdb": [
                      {
                        "disk_id": 153138127,
                        "disk_label": "512 MB Swap Image",
                        "volume_id": 0
                      }
                    ],
                    "sdc": [],
                    "sdd": [],
                    "sde": [],
                    "sdf": [],
                    "sdg": [],
                    "sdh": []
                  }
                ],
                "helpers": [
                  {
                    "devtmpfs_automount": true,
                    "distro": true,
                    "modules_dep": true,
                    "network": true,
                    "updatedb_disabled": true
                  }
                ],
                "id": 82834031,
                "interface": [],
                "kernel": "linode/grub2",
                "label": "My Ubuntu 22.04 LTS Disk Profile",
                "memory_limit": 0,
                "root_device": "/dev/sda",
                "run_level": "default",
                "virt_mode": "paravirt"
              }
            ],
            "disk": [
              {
                "authorized_keys": [],
                "authorized_users": [],
                "filesystem": "ext4",
                "id": 153138126,
                "image": "",
                "label": "Ubuntu 22.04 LTS Disk",
                "read_only": false,
                "root_pass": "",
                "size": 50688,
                "stackscript_data": {},
                "stackscript_id": 0
              },
              {
                "authorized_keys": [],
                "authorized_users": [],
                "filesystem": "swap",
                "id": 153138127,
                "image": "",
                "label": "512 MB Swap Image",
                "read_only": false,
                "root_pass": "",
                "size": 512,
                "stackscript_data": {},
                "stackscript_id": 0
              }
            ],
            "disk_encryption": "enabled",
            "firewall_id": null,
            "group": "",
            "has_user_data": false,
            "host_uuid": "bb7b56d98879186e693c75b8b18252d2e4ae9a85",
            "id": "79382518",
            "image": "linode/ubuntu22.04",
            "interface": [],
            "ip_address": "172.104.188.201",
            "ipv4": [
              "172.104.188.201",
              "192.168.151.38"
            ],
            "ipv6": "2400:8901::2000:7aff:fe5f:9987/128",
            "label": "mean-stack-server",
            "lke_cluster_id": 0,
            "metadata": [],
            "migration_type": "cold",
            "placement_group": [],
            "placement_group_externally_managed": null,
            "private_ip": true,
            "private_ip_address": "192.168.151.38",
            "region": "ap-south",
            "resize_disk": false,
            "root_pass": null,
            "shared_ipv4": [],
            "specs": [
              {
                "accelerated_devices": 0,
                "disk": 51200,
                "gpus": 0,
                "memory": 2048,
                "transfer": 2000,
                "vcpus": 1
              }
            ],
            "stackscript_data": null,
            "stackscript_id": null,
            "status": "running",
            "swap_size": 512,
            "tags": [
              "mean-stack",
              "ubuntu",
              "web-server"
            ],
            "timeouts": null,
            "type": "g6-standard-1",
            "watchdog_enabled": true
          },
          "sensitive_attributes": [
            [
              {
                "type": "get_attr",
                "value": "disk"
              },
              {
                "type": "index",
                "value": {
                  "value": 0,
                  "type": "number"
                }
              },
              {
                "type": "get_attr",
                "value": "root_pass"
              }
            ],
            [
              {
                "type": "get_attr",
                "value": "disk"
              },
              {
                "type": "index",
                "value": {
                  "value": 0,
                  "type": "number"
                }
              },
              {
                "type": "get_attr",
                "value": "stackscript_data"
              }
            ],
            [
              {
                "type": "get_attr",
                "value": "disk"
              },
              {
                "type": "index",
                "value": {
                  "value": 1,
                  "type": "number"
                }
              },
              {
                "type": "get_attr",
                "value": "root_pass"
              }
            ],
            [
              {
                "type": "get_attr",
                "value": "disk"
              },
              {
                "type": "index",
                "value": {
                  "value": 1,
                  "type": "number"
                }
              },
              {
                "type": "get_attr",
                "value": "stackscript_data"
              }
            ],
            [
              {
                "type": "get_attr",
                "value": "root_pass"
              }
            ],
            [
              {
                "type": "get_attr",
                "value": "stackscript_data"
              }
            ]
          ],
          "identity_schema_version": 0,
          "private": "eyJlMmJmYjczMC1lY2FhLTExZTYtOGY4OC0zNDM2M2JjN2M0YzAiOnsiY3JlYXRlIjo5MDAwMDAwMDAwMDAsImRlbGV0ZSI6NjAwMDAwMDAwMDAwLCJ1cGRhdGUiOjM2MDAwMDAwMDAwMDB9fQ=="
        }
      ]
    }
  ],
  "check_results": null
}
